{"SurveyEntry":{"SurveyID":"SV_by08bKEYzZ0UD1c","SurveyName":"Digital Learning and Adaptation in the IT Sector","SurveyDescription":null,"SurveyOwnerID":"UR_1DBZu1Ikj5SGWAp","SurveyBrandID":"qualtricsxm69hjchk3k","DivisionID":null,"SurveyLanguage":"EN","SurveyActiveResponseSet":"RS_06yjU7drl5fsXK6","SurveyStatus":"Active","SurveyStartDate":"0000-00-00 00:00:00","SurveyExpirationDate":"0000-00-00 00:00:00","SurveyCreationDate":"2023-09-11 06:41:37","CreatorID":"UR_1DBZu1Ikj5SGWAp","LastModified":"2023-09-11 19:34:25","LastAccessed":"0000-00-00 00:00:00","LastActivated":"2023-09-11 19:34:25","Deleted":null},"SurveyElements":[{"SurveyID":"SV_by08bKEYzZ0UD1c","Element":"BL","PrimaryAttribute":"Survey Blocks","SecondaryAttribute":null,"TertiaryAttribute":null,"Payload":[{"Type":"Default","Description":"Default Question Block","ID":"BL_aaEShsavIubAACO","BlockElements":[{"Type":"Question","QuestionID":"QID1"},{"Type":"Question","QuestionID":"QID4"},{"Type":"Question","QuestionID":"QID3"},{"Type":"Question","QuestionID":"QID5"},{"Type":"Question","QuestionID":"QID6"},{"Type":"Question","QuestionID":"QID7"}],"Options":{"BlockLocking":"false","RandomizeQuestions":"false","BlockVisibility":"Expanded"}},{"Type":"Trash","Description":"Trash \/ Unused Questions","ID":"BL_b1TVZ5O6WVjQAbs","BlockElements":[{"Type":"Question","QuestionID":"QID2"}]}]},{"SurveyID":"SV_by08bKEYzZ0UD1c","Element":"FL","PrimaryAttribute":"Survey Flow","SecondaryAttribute":null,"TertiaryAttribute":null,"Payload":{"Flow":[{"ID":"BL_aaEShsavIubAACO","Type":"Block","FlowID":"FL_2"}],"Properties":{"Count":3},"FlowID":"FL_1","Type":"Root"}},{"SurveyID":"SV_by08bKEYzZ0UD1c","Element":"PL","PrimaryAttribute":"Preview Link","SecondaryAttribute":null,"TertiaryAttribute":null,"Payload":{"PreviewType":"Brand","PreviewID":"65224cc6-fa7f-4477-813a-41d37241d5fb"}},{"SurveyID":"SV_by08bKEYzZ0UD1c","Element":"SO","PrimaryAttribute":"Survey Options","SecondaryAttribute":null,"TertiaryAttribute":null,"Payload":{"BackButton":"false","SaveAndContinue":"true","SurveyProtection":"PublicSurvey","BallotBoxStuffingPrevention":"false","NoIndex":"Yes","SecureResponseFiles":"true","SurveyExpiration":"None","SurveyTermination":"DefaultMessage","Header":"","Footer":"","ProgressBarDisplay":"None","PartialData":"+1 week","ValidationMessage":"","PreviousButton":"","NextButton":"","SurveyTitle":"Qualtrics Survey | Qualtrics Experience Management","SkinLibrary":"qualtricsxm69hjchk3k","SkinType":"templated","Skin":{"brandingId":null,"templateId":"*2014","overrides":null},"NewScoring":1,"SurveyMetaDescription":"The most powerful, simple and trusted way to gather experience data. Start your journey to experience management and try a free account today.","SurveyName":"Digital Learning and Adaptation in the IT Sector"}},{"SurveyID":"SV_by08bKEYzZ0UD1c","Element":"SCO","PrimaryAttribute":"Scoring","SecondaryAttribute":null,"TertiaryAttribute":null,"Payload":{"ScoringCategories":[],"ScoringCategoryGroups":[],"ScoringSummaryCategory":null,"ScoringSummaryAfterQuestions":0,"ScoringSummaryAfterSurvey":0,"DefaultScoringCategory":null,"AutoScoringCategory":null}},{"SurveyID":"SV_by08bKEYzZ0UD1c","Element":"PROJ","PrimaryAttribute":"CORE","SecondaryAttribute":null,"TertiaryAttribute":"1.1.0","Payload":{"ProjectCategory":"CORE","SchemaVersion":"1.1.0"}},{"SurveyID":"SV_by08bKEYzZ0UD1c","Element":"STAT","PrimaryAttribute":"Survey Statistics","SecondaryAttribute":null,"TertiaryAttribute":null,"Payload":{"MobileCompatible":true,"ID":"Survey Statistics"}},{"SurveyID":"SV_by08bKEYzZ0UD1c","Element":"QC","PrimaryAttribute":"Survey Question Count","SecondaryAttribute":"7","TertiaryAttribute":null,"Payload":null},{"SurveyID":"SV_by08bKEYzZ0UD1c","Element":"SQ","PrimaryAttribute":"QID2","SecondaryAttribute":"Click to write the question text","TertiaryAttribute":null,"Payload":{"QuestionText":"Click to write the question text","DefaultChoices":false,"DataExportTag":"Q2","QuestionType":"MC","Selector":"SAVR","SubSelector":"TX","Configuration":{"QuestionDescriptionOption":"UseText","Autoscale":{"YScale":{"Name":"yesNo","Type":"likert","Reverse":false}}},"QuestionDescription":"Click to write the question text","Choices":{"1":{"Display":"Definitely not"},"2":{"Display":"Probably not"},"3":{"Display":"Might or might not"},"4":{"Display":"Probably yes"},"5":{"Display":"Definitely yes"}},"ChoiceOrder":["1","2","3","4","5"],"Validation":{"Settings":{"ForceResponse":"OFF","Type":"None"}},"GradingData":[],"Language":[],"NextChoiceId":6,"NextAnswerId":1,"QuestionID":"QID2"}},{"SurveyID":"SV_by08bKEYzZ0UD1c","Element":"RS","PrimaryAttribute":"RS_06yjU7drl5fsXK6","SecondaryAttribute":"Default Response Set","TertiaryAttribute":null,"Payload":null},{"SurveyID":"SV_by08bKEYzZ0UD1c","Element":"SQ","PrimaryAttribute":"QID4","SecondaryAttribute":"Have you undertaken any projects or internships focusing on emerging technologies? If yes, please...","TertiaryAttribute":null,"Payload":{"QuestionText":"Have you undertaken any projects or internships focusing on emerging technologies? If yes, please describe briefly.","DataExportTag":"Q2","QuestionType":"MC","Selector":"SAVR","SubSelector":"TX","Configuration":{"QuestionDescriptionOption":"UseText"},"QuestionDescription":"Have you undertaken any projects or internships focusing on emerging technologies? If yes, please...","Choices":{"1":{"Display":"Click to write Choice 1"},"2":{"Display":"Click to write Choice 2"},"3":{"Display":"Click to write Choice 3"}},"ChoiceOrder":["1","2","3"],"Validation":{"Settings":{"ForceResponse":"OFF","Type":"None"}},"Language":[],"NextChoiceId":4,"NextAnswerId":1,"QuestionID":"QID4","DataVisibility":{"Private":false,"Hidden":false}}},{"SurveyID":"SV_by08bKEYzZ0UD1c","Element":"SQ","PrimaryAttribute":"QID5","SecondaryAttribute":"In your opinion, is your current curriculum adequately preparing you for advancements in technolo...","TertiaryAttribute":null,"Payload":{"QuestionText":"In your opinion, is your current curriculum adequately preparing you for advancements in technologies like blockchain and quantum computing?","DataExportTag":"Q4","QuestionType":"MC","Selector":"SAVR","SubSelector":"TX","Configuration":{"QuestionDescriptionOption":"UseText","Autoscale":{"YScale":{"Name":"hedonic","Type":"likert","Reverse":false}}},"QuestionDescription":"In your opinion, is your current curriculum adequately preparing you for advancements in technolo...","Choices":{"1":{"Display":"Dislike a great deal"},"2":{"Display":"Dislike somewhat"},"3":{"Display":"Neither like nor dislike"},"4":{"Display":"Like somewhat"},"5":{"Display":"Like a great deal"}},"ChoiceOrder":["1","2","3","4","5"],"Validation":{"Settings":{"ForceResponse":"OFF","Type":"None"}},"Language":[],"NextChoiceId":6,"NextAnswerId":1,"QuestionID":"QID5","DataVisibility":{"Private":false,"Hidden":false}}},{"SurveyID":"SV_by08bKEYzZ0UD1c","Element":"SQ","PrimaryAttribute":"QID3","SecondaryAttribute":"Post-graduation, how do you intend to keep up with the constant evolution in the IT sector?","TertiaryAttribute":null,"Payload":{"QuestionText":"Post-graduation, how do you intend to keep up with the constant evolution in the IT sector?","DataExportTag":"Q3","QuestionType":"MC","Selector":"SAVR","SubSelector":"TX","Configuration":{"QuestionDescriptionOption":"UseText"},"QuestionDescription":"Post-graduation, how do you intend to keep up with the constant evolution in the IT sector?","Choices":{"1":{"Display":"Engaging in continuous learning through online platforms"},"2":{"Display":"Attending workshops and conferences"},"3":{"Display":"Click to write Choice 4"},"4":{"Display":"Joining communities and networks in the IT sector"}},"ChoiceOrder":[1,2,3,4],"Validation":{"Settings":{"ForceResponse":"OFF","Type":"None"}},"Language":[],"NextChoiceId":5,"NextAnswerId":1,"QuestionID":"QID3","DataVisibility":{"Private":false,"Hidden":false}}},{"SurveyID":"SV_by08bKEYzZ0UD1c","Element":"SQ","PrimaryAttribute":"QID6","SecondaryAttribute":"Were you part of any clubs related to IT? Mulitple choice","TertiaryAttribute":null,"Payload":{"QuestionText":"Were you part of any clubs related to IT? Mulitple choice<br>","DefaultChoices":false,"DataExportTag":"Q6","QuestionType":"MC","Selector":"SAVR","SubSelector":"TX","Configuration":{"QuestionDescriptionOption":"UseText"},"QuestionDescription":"Were you part of any clubs related to IT? Mulitple choice","Choices":{"1":{"Display":"Wired"},"2":{"Display":"MAC"},"3":{"Display":"Monsec"},"4":{"Display":"MAPS"},"5":{"Display":"Other"}},"ChoiceOrder":[1,2,3,4,5],"Validation":{"Settings":{"ForceResponse":"OFF","Type":"None"}},"GradingData":[],"Language":[],"NextChoiceId":6,"NextAnswerId":1,"QuestionID":"QID6"}},{"SurveyID":"SV_by08bKEYzZ0UD1c","Element":"SQ","PrimaryAttribute":"QID7","SecondaryAttribute":"Were you part of any student teams from university? If so select one","TertiaryAttribute":null,"Payload":{"QuestionText":"Were you part of any student teams from university? If so select one","DefaultChoices":false,"DataExportTag":"Q7","QuestionType":"MC","Selector":"SAVR","SubSelector":"TX","Configuration":{"QuestionDescriptionOption":"UseText"},"QuestionDescription":"Were you part of any student teams from university? If so select one","Choices":{"1":{"Display":"Monash Rover"},"2":{"Display":"Autonomous Vehicles"},"3":{"Display":"Deepneuron"},"4":{"Display":"MYMI"},"5":{"Display":"Heart hackathon"},"6":{"Display":"Motorsport"},"7":{"Display":"Other"}},"ChoiceOrder":[1,2,3,4,5,6,7],"Validation":{"Settings":{"ForceResponse":"OFF","Type":"None"}},"GradingData":[],"Language":[],"NextChoiceId":8,"NextAnswerId":1,"QuestionID":"QID7"}},{"SurveyID":"SV_by08bKEYzZ0UD1c","Element":"SQ","PrimaryAttribute":"QID1","SecondaryAttribute":"Which platforms or resources do you frequently use to improve your IT skills?","TertiaryAttribute":null,"Payload":{"QuestionText":"Which platforms or resources do you frequently use to improve your IT skills?","DataExportTag":"Q1","QuestionType":"MC","Selector":"SAVR","SubSelector":"TX","Configuration":{"QuestionDescriptionOption":"UseText"},"QuestionDescription":"Which platforms or resources do you frequently use to improve your IT skills?","Choices":{"1":{"Display":"University Courses"},"2":{"Display":"Online MOOCs (Coursera, Udemy, etc.)"},"3":{"Display":"YouTube Tutorials"},"4":{"Display":"University Club workshops"},"5":{"Display":"University Club hackathons"},"6":{"Display":"University Student teams"},"7":{"Display":"Self-study through Books and Documentation"},"8":{"Display":"Other"}},"ChoiceOrder":[1,2,3,4,5,6,7,8],"Validation":{"Settings":{"ForceResponse":"OFF","Type":"None"}},"Language":[],"NextChoiceId":9,"NextAnswerId":1,"QuestionID":"QID1","DataVisibility":{"Private":false,"Hidden":false}}}]}